
Microsoft Visual Studio Solution File, Format Version 12.00
# Visual Studio Version 17
VisualStudioVersion = 17.7.34202.233
MinimumVisualStudioVersion = 10.0.40219.1
Project("{FAE04EC0-301F-11D3-BF4B-00C04F79EFBC}") = "ExercicioMultaAmbiental", "ExercicioMultaAmbiental\ExercicioMultaAmbiental.csproj", "{72E66871-AC32-4398-A07F-087A3FF01F1B}"
EndProject
Global
	GlobalSection(SolutionConfigurationPlatforms) = preSolution
		Debug|Any CPU = Debug|Any CPU
		Release|Any CPU = Release|Any CPU
	EndGlobalSection
	GlobalSection(ProjectConfigurationPlatforms) = postSolution
		{72E66871-AC32-4398-A07F-087A3FF01F1B}.Debug|Any CPU.ActiveCfg = Debug|Any CPU
		{72E66871-AC32-4398-A07F-087A3FF01F1B}.Debug|Any CPU.Build.0 = Debug|Any CPU
		{72E66871-AC32-4398-A07F-087A3FF01F1B}.Release|Any CPU.ActiveCfg = Release|Any CPU
		{72E66871-AC32-4398-A07F-087A3FF01F1B}.Release|Any CPU.Build.0 = Release|Any CPU
	EndGlobalSection
	GlobalSection(SolutionProperties) = preSolution
		HideSolutionNode = FALSE
	EndGlobalSection
	GlobalSection(ExtensibilityGlobals) = postSolution
		SolutionGuid = {DE3C3EC4-1B67-4C77-A56A-6D234C32BD6D}
	EndGlobalSection
EndGlobal
